
Microsoft Visual Studio Solution File, Format Version 12.00
Project("{FAE04EC0-301F-11D3-BF4B-00C04F79EFBC}") = "MathCLI", "MathCLI\MathCLI.csproj", "{C593CF91-D99E-4371-AC94-4E3A77B4103D}"
EndProject
Project("{FAE04EC0-301F-11D3-BF4B-00C04F79EFBC}") = "Math.DAL.Impl", "Math.DAL.Impl\Math.DAL.Impl.csproj", "{AB316887-B751-4D61-816C-48C45BE6F26E}"
EndProject
Project("{FAE04EC0-301F-11D3-BF4B-00C04F79EFBC}") = "Math.BLL.Impl", "Math.BLL.Impl\Math.BLL.Impl.csproj", "{73C125A5-12AB-4B38-97CF-AE7A2048CC64}"
EndProject
Project("{FAE04EC0-301F-11D3-BF4B-00C04F79EFBC}") = "Math.WEB", "Math.WEB\Math.WEB.csproj", "{267E314A-CE19-4326-B5B2-F669D27376CE}"
EndProject
Project("{FAE04EC0-301F-11D3-BF4B-00C04F79EFBC}") = "Math.DAL.Abstract", "Math.DAL.Abstract\Math.DAL.Abstract.csproj", "{61E2B69D-3AAD-4F62-B05C-A117705503D0}"
EndProject
Project("{FAE04EC0-301F-11D3-BF4B-00C04F79EFBC}") = "Math.BLL.Abstract", "Math.BLL.Abstract\Math.BLL.Abstract.csproj", "{90ECE544-68F6-481B-B7EA-553F11C5C07C}"
EndProject
Project("{FAE04EC0-301F-11D3-BF4B-00C04F79EFBC}") = "Math.Entities", "Math.Entities\Math.Entities.csproj", "{4DE2B20B-CD0C-4956-A796-BBB8E143D69B}"
EndProject
Project("{FAE04EC0-301F-11D3-BF4B-00C04F79EFBC}") = "Math.Models", "Math.Models\Math.Models.csproj", "{9574C16A-B79D-44AA-8F4E-0C7FA1A11DBC}"
EndProject
Global
	GlobalSection(SolutionConfigurationPlatforms) = preSolution
		Debug|Any CPU = Debug|Any CPU
		Release|Any CPU = Release|Any CPU
	EndGlobalSection
	GlobalSection(ProjectConfigurationPlatforms) = postSolution
		{C593CF91-D99E-4371-AC94-4E3A77B4103D}.Debug|Any CPU.ActiveCfg = Debug|Any CPU
		{C593CF91-D99E-4371-AC94-4E3A77B4103D}.Debug|Any CPU.Build.0 = Debug|Any CPU
		{C593CF91-D99E-4371-AC94-4E3A77B4103D}.Release|Any CPU.ActiveCfg = Release|Any CPU
		{C593CF91-D99E-4371-AC94-4E3A77B4103D}.Release|Any CPU.Build.0 = Release|Any CPU
		{AB316887-B751-4D61-816C-48C45BE6F26E}.Debug|Any CPU.ActiveCfg = Debug|Any CPU
		{AB316887-B751-4D61-816C-48C45BE6F26E}.Debug|Any CPU.Build.0 = Debug|Any CPU
		{AB316887-B751-4D61-816C-48C45BE6F26E}.Release|Any CPU.ActiveCfg = Release|Any CPU
		{AB316887-B751-4D61-816C-48C45BE6F26E}.Release|Any CPU.Build.0 = Release|Any CPU
		{73C125A5-12AB-4B38-97CF-AE7A2048CC64}.Debug|Any CPU.ActiveCfg = Debug|Any CPU
		{73C125A5-12AB-4B38-97CF-AE7A2048CC64}.Debug|Any CPU.Build.0 = Debug|Any CPU
		{73C125A5-12AB-4B38-97CF-AE7A2048CC64}.Release|Any CPU.ActiveCfg = Release|Any CPU
		{73C125A5-12AB-4B38-97CF-AE7A2048CC64}.Release|Any CPU.Build.0 = Release|Any CPU
		{267E314A-CE19-4326-B5B2-F669D27376CE}.Debug|Any CPU.ActiveCfg = Debug|Any CPU
		{267E314A-CE19-4326-B5B2-F669D27376CE}.Debug|Any CPU.Build.0 = Debug|Any CPU
		{267E314A-CE19-4326-B5B2-F669D27376CE}.Release|Any CPU.ActiveCfg = Release|Any CPU
		{267E314A-CE19-4326-B5B2-F669D27376CE}.Release|Any CPU.Build.0 = Release|Any CPU
		{61E2B69D-3AAD-4F62-B05C-A117705503D0}.Debug|Any CPU.ActiveCfg = Debug|Any CPU
		{61E2B69D-3AAD-4F62-B05C-A117705503D0}.Debug|Any CPU.Build.0 = Debug|Any CPU
		{61E2B69D-3AAD-4F62-B05C-A117705503D0}.Release|Any CPU.ActiveCfg = Release|Any CPU
		{61E2B69D-3AAD-4F62-B05C-A117705503D0}.Release|Any CPU.Build.0 = Release|Any CPU
		{90ECE544-68F6-481B-B7EA-553F11C5C07C}.Debug|Any CPU.ActiveCfg = Debug|Any CPU
		{90ECE544-68F6-481B-B7EA-553F11C5C07C}.Debug|Any CPU.Build.0 = Debug|Any CPU
		{90ECE544-68F6-481B-B7EA-553F11C5C07C}.Release|Any CPU.ActiveCfg = Release|Any CPU
		{90ECE544-68F6-481B-B7EA-553F11C5C07C}.Release|Any CPU.Build.0 = Release|Any CPU
		{4DE2B20B-CD0C-4956-A796-BBB8E143D69B}.Debug|Any CPU.ActiveCfg = Debug|Any CPU
		{4DE2B20B-CD0C-4956-A796-BBB8E143D69B}.Debug|Any CPU.Build.0 = Debug|Any CPU
		{4DE2B20B-CD0C-4956-A796-BBB8E143D69B}.Release|Any CPU.ActiveCfg = Release|Any CPU
		{4DE2B20B-CD0C-4956-A796-BBB8E143D69B}.Release|Any CPU.Build.0 = Release|Any CPU
		{9574C16A-B79D-44AA-8F4E-0C7FA1A11DBC}.Debug|Any CPU.ActiveCfg = Debug|Any CPU
		{9574C16A-B79D-44AA-8F4E-0C7FA1A11DBC}.Debug|Any CPU.Build.0 = Debug|Any CPU
		{9574C16A-B79D-44AA-8F4E-0C7FA1A11DBC}.Release|Any CPU.ActiveCfg = Release|Any CPU
		{9574C16A-B79D-44AA-8F4E-0C7FA1A11DBC}.Release|Any CPU.Build.0 = Release|Any CPU
	EndGlobalSection
EndGlobal
